
Microsoft Visual Studio Solution File, Format Version 12.00
# Visual Studio 15
Project("{FAE04EC0-301F-11D3-BF4B-00C04F79EFBC}") = "DEUSVULT", "DEUSVULT.csproj", "{AE81AB64-297F-B244-B549-163F35AB8FCE}"
EndProject
Global
	GlobalSection(SolutionConfigurationPlatforms) = preSolution
		Debug|Any CPU = Debug|Any CPU
		Release|Any CPU = Release|Any CPU
	EndGlobalSection
	GlobalSection(ProjectConfigurationPlatforms) = postSolution
		{AE81AB64-297F-B244-B549-163F35AB8FCE}.Debug|Any CPU.ActiveCfg = Debug|Any CPU
		{AE81AB64-297F-B244-B549-163F35AB8FCE}.Debug|Any CPU.Build.0 = Debug|Any CPU
		{AE81AB64-297F-B244-B549-163F35AB8FCE}.Release|Any CPU.ActiveCfg = Release|Any CPU
		{AE81AB64-297F-B244-B549-163F35AB8FCE}.Release|Any CPU.Build.0 = Release|Any CPU
	EndGlobalSection
	GlobalSection(SolutionProperties) = preSolution
		HideSolutionNode = FALSE
	EndGlobalSection
EndGlobal
